
Microsoft Visual Studio Solution File, Format Version 12.00
# Visual Studio Version 17
VisualStudioVersion = 17.1.32328.378
MinimumVisualStudioVersion = 10.0.40219.1
Project("{FAE04EC0-301F-11D3-BF4B-00C04F79EFBC}") = "writingToDatabase", "writingToDatabase\writingToDatabase.csproj", "{4DE8DF06-6E3C-4D5A-9ED7-AF482F43C63A}"
EndProject
Project("{FAE04EC0-301F-11D3-BF4B-00C04F79EFBC}") = "library", "library\library.csproj", "{2753BF9C-B72A-4AD1-B934-5FC3ABB5969F}"
EndProject
Global
	GlobalSection(SolutionConfigurationPlatforms) = preSolution
		Debug|Any CPU = Debug|Any CPU
		Release|Any CPU = Release|Any CPU
	EndGlobalSection
	GlobalSection(ProjectConfigurationPlatforms) = postSolution
		{4DE8DF06-6E3C-4D5A-9ED7-AF482F43C63A}.Debug|Any CPU.ActiveCfg = Debug|Any CPU
		{4DE8DF06-6E3C-4D5A-9ED7-AF482F43C63A}.Debug|Any CPU.Build.0 = Debug|Any CPU
		{4DE8DF06-6E3C-4D5A-9ED7-AF482F43C63A}.Release|Any CPU.ActiveCfg = Release|Any CPU
		{4DE8DF06-6E3C-4D5A-9ED7-AF482F43C63A}.Release|Any CPU.Build.0 = Release|Any CPU
		{2753BF9C-B72A-4AD1-B934-5FC3ABB5969F}.Debug|Any CPU.ActiveCfg = Debug|Any CPU
		{2753BF9C-B72A-4AD1-B934-5FC3ABB5969F}.Debug|Any CPU.Build.0 = Debug|Any CPU
		{2753BF9C-B72A-4AD1-B934-5FC3ABB5969F}.Release|Any CPU.ActiveCfg = Release|Any CPU
		{2753BF9C-B72A-4AD1-B934-5FC3ABB5969F}.Release|Any CPU.Build.0 = Release|Any CPU
	EndGlobalSection
	GlobalSection(SolutionProperties) = preSolution
		HideSolutionNode = FALSE
	EndGlobalSection
	GlobalSection(ExtensibilityGlobals) = postSolution
		SolutionGuid = {50DC60D0-22A0-47BF-8BD0-94370E0069E8}
	EndGlobalSection
EndGlobal
